
Microsoft Visual Studio Solution File, Format Version 12.00
# Visual Studio 2012
Project("{FAE04EC0-301F-11D3-BF4B-00C04F79EFBC}") = "hobd", "hobd.csproj", "{E0F56424-BEBA-4BD9-8B06-20571D599CC3}"
EndProject
Project("{FAE04EC0-301F-11D3-BF4B-00C04F79EFBC}") = "hobdcore", "hobdcore.csproj", "{E0F56424-BEBA-4BD9-8B06-20571D599CC4}"
EndProject
Project("{FAE04EC0-301F-11D3-BF4B-00C04F79EFBC}") = "Fleux", "fleuxdesktop2\Fleux\Fleux.csproj", "{8526293A-9C66-48F6-A90D-FB2B7128BF08}"
EndProject
Global
	GlobalSection(SolutionConfigurationPlatforms) = preSolution
		Debug|Any CPU = Debug|Any CPU
		Debug|AnyCPU = Debug|AnyCPU
		Debug|Linux = Debug|Linux
		Debug|WINCE = Debug|WINCE
		Release|Any CPU = Release|Any CPU
		Release|AnyCPU = Release|AnyCPU
		Release|Linux = Release|Linux
		Release|WINCE = Release|WINCE
	EndGlobalSection
	GlobalSection(ProjectConfigurationPlatforms) = postSolution
		{E0F56424-BEBA-4BD9-8B06-20571D599CC3}.Debug|Any CPU.ActiveCfg = Debug|Any CPU
		{E0F56424-BEBA-4BD9-8B06-20571D599CC3}.Debug|Any CPU.Build.0 = Debug|Any CPU
		{E0F56424-BEBA-4BD9-8B06-20571D599CC3}.Debug|AnyCPU.ActiveCfg = Debug|Any CPU
		{E0F56424-BEBA-4BD9-8B06-20571D599CC3}.Debug|AnyCPU.Build.0 = Debug|Any CPU
		{E0F56424-BEBA-4BD9-8B06-20571D599CC3}.Debug|Linux.ActiveCfg = Debug|Any CPU
		{E0F56424-BEBA-4BD9-8B06-20571D599CC3}.Debug|WINCE.ActiveCfg = Debug|WINCE
		{E0F56424-BEBA-4BD9-8B06-20571D599CC3}.Debug|WINCE.Build.0 = Debug|WINCE
		{E0F56424-BEBA-4BD9-8B06-20571D599CC3}.Release|Any CPU.ActiveCfg = Release|Any CPU
		{E0F56424-BEBA-4BD9-8B06-20571D599CC3}.Release|Any CPU.Build.0 = Release|Any CPU
		{E0F56424-BEBA-4BD9-8B06-20571D599CC3}.Release|AnyCPU.ActiveCfg = Release|Any CPU
		{E0F56424-BEBA-4BD9-8B06-20571D599CC3}.Release|AnyCPU.Build.0 = Release|Any CPU
		{E0F56424-BEBA-4BD9-8B06-20571D599CC3}.Release|Linux.ActiveCfg = Release|Any CPU
		{E0F56424-BEBA-4BD9-8B06-20571D599CC3}.Release|WINCE.ActiveCfg = Release|WINCE
		{E0F56424-BEBA-4BD9-8B06-20571D599CC3}.Release|WINCE.Build.0 = Release|WINCE
		{E0F56424-BEBA-4BD9-8B06-20571D599CC4}.Debug|Any CPU.ActiveCfg = Debug|Any CPU
		{E0F56424-BEBA-4BD9-8B06-20571D599CC4}.Debug|Any CPU.Build.0 = Debug|Any CPU
		{E0F56424-BEBA-4BD9-8B06-20571D599CC4}.Debug|AnyCPU.ActiveCfg = Debug|Any CPU
		{E0F56424-BEBA-4BD9-8B06-20571D599CC4}.Debug|AnyCPU.Build.0 = Debug|Any CPU
		{E0F56424-BEBA-4BD9-8B06-20571D599CC4}.Debug|Linux.ActiveCfg = Debug|Any CPU
		{E0F56424-BEBA-4BD9-8B06-20571D599CC4}.Debug|WINCE.ActiveCfg = Debug|WINCE
		{E0F56424-BEBA-4BD9-8B06-20571D599CC4}.Debug|WINCE.Build.0 = Debug|WINCE
		{E0F56424-BEBA-4BD9-8B06-20571D599CC4}.Release|Any CPU.ActiveCfg = Release|Any CPU
		{E0F56424-BEBA-4BD9-8B06-20571D599CC4}.Release|Any CPU.Build.0 = Release|Any CPU
		{E0F56424-BEBA-4BD9-8B06-20571D599CC4}.Release|AnyCPU.ActiveCfg = Release|Any CPU
		{E0F56424-BEBA-4BD9-8B06-20571D599CC4}.Release|AnyCPU.Build.0 = Release|Any CPU
		{E0F56424-BEBA-4BD9-8B06-20571D599CC4}.Release|Linux.ActiveCfg = Release|Any CPU
		{E0F56424-BEBA-4BD9-8B06-20571D599CC4}.Release|WINCE.ActiveCfg = Release|WINCE
		{E0F56424-BEBA-4BD9-8B06-20571D599CC4}.Release|WINCE.Build.0 = Release|WINCE
		{8526293A-9C66-48F6-A90D-FB2B7128BF08}.Debug|Any CPU.ActiveCfg = Debug|Any CPU
		{8526293A-9C66-48F6-A90D-FB2B7128BF08}.Debug|Any CPU.Build.0 = Debug|Any CPU
		{8526293A-9C66-48F6-A90D-FB2B7128BF08}.Debug|AnyCPU.ActiveCfg = Debug|Any CPU
		{8526293A-9C66-48F6-A90D-FB2B7128BF08}.Debug|AnyCPU.Build.0 = Debug|Any CPU
		{8526293A-9C66-48F6-A90D-FB2B7128BF08}.Debug|Linux.ActiveCfg = Debug|Linux
		{8526293A-9C66-48F6-A90D-FB2B7128BF08}.Debug|Linux.Build.0 = Debug|Linux
		{8526293A-9C66-48F6-A90D-FB2B7128BF08}.Debug|WINCE.ActiveCfg = Debug|WINCE
		{8526293A-9C66-48F6-A90D-FB2B7128BF08}.Debug|WINCE.Build.0 = Debug|WINCE
		{8526293A-9C66-48F6-A90D-FB2B7128BF08}.Release|Any CPU.ActiveCfg = Release|Any CPU
		{8526293A-9C66-48F6-A90D-FB2B7128BF08}.Release|Any CPU.Build.0 = Release|Any CPU
		{8526293A-9C66-48F6-A90D-FB2B7128BF08}.Release|AnyCPU.ActiveCfg = Release|Any CPU
		{8526293A-9C66-48F6-A90D-FB2B7128BF08}.Release|AnyCPU.Build.0 = Release|Any CPU
		{8526293A-9C66-48F6-A90D-FB2B7128BF08}.Release|Linux.ActiveCfg = Release|Linux
		{8526293A-9C66-48F6-A90D-FB2B7128BF08}.Release|Linux.Build.0 = Release|Linux
		{8526293A-9C66-48F6-A90D-FB2B7128BF08}.Release|WINCE.ActiveCfg = Release|WINCE
		{8526293A-9C66-48F6-A90D-FB2B7128BF08}.Release|WINCE.Build.0 = Release|WINCE
	EndGlobalSection
	GlobalSection(SolutionProperties) = preSolution
		HideSolutionNode = FALSE
	EndGlobalSection
EndGlobal
